
Microsoft Visual Studio Solution File, Format Version 12.00
# Visual Studio 2012
Project("{FAE04EC0-301F-11D3-BF4B-00C04F79EFBC}") = "Attask Helper", "Attask Helper\Attask Helper.csproj", "{22472BFD-6675-4E45-90E3-06078037BFF0}"
EndProject
Global
	GlobalSection(SolutionConfigurationPlatforms) = preSolution
		Debug|Any CPU = Debug|Any CPU
		Release|Any CPU = Release|Any CPU
	EndGlobalSection
	GlobalSection(ProjectConfigurationPlatforms) = postSolution
		{22472BFD-6675-4E45-90E3-06078037BFF0}.Debug|Any CPU.ActiveCfg = Debug|Any CPU
		{22472BFD-6675-4E45-90E3-06078037BFF0}.Debug|Any CPU.Build.0 = Debug|Any CPU
		{22472BFD-6675-4E45-90E3-06078037BFF0}.Release|Any CPU.ActiveCfg = Release|Any CPU
		{22472BFD-6675-4E45-90E3-06078037BFF0}.Release|Any CPU.Build.0 = Release|Any CPU
	EndGlobalSection
	GlobalSection(SolutionProperties) = preSolution
		HideSolutionNode = FALSE
	EndGlobalSection
EndGlobal
